
Microsoft Visual Studio Solution File, Format Version 12.00
# Visual Studio Version 16
VisualStudioVersion = 16.0.29613.14
MinimumVisualStudioVersion = 10.0.40219.1
Project("{9092AA53-FB77-4645-B42D-1CCCA6BD08BD}") = "versiondiff", "versiondiff.njsproj", "{51DC9951-878B-4D0D-82E0-65DB49F545CE}"
EndProject
Global
	GlobalSection(SolutionConfigurationPlatforms) = preSolution
		Debug|Any CPU = Debug|Any CPU
		Release|Any CPU = Release|Any CPU
	EndGlobalSection
	GlobalSection(ProjectConfigurationPlatforms) = postSolution
		{51DC9951-878B-4D0D-82E0-65DB49F545CE}.Debug|Any CPU.ActiveCfg = Debug|Any CPU
		{51DC9951-878B-4D0D-82E0-65DB49F545CE}.Debug|Any CPU.Build.0 = Debug|Any CPU
		{51DC9951-878B-4D0D-82E0-65DB49F545CE}.Release|Any CPU.ActiveCfg = Release|Any CPU
		{51DC9951-878B-4D0D-82E0-65DB49F545CE}.Release|Any CPU.Build.0 = Release|Any CPU
	EndGlobalSection
	GlobalSection(SolutionProperties) = preSolution
		HideSolutionNode = FALSE
	EndGlobalSection
	GlobalSection(ExtensibilityGlobals) = postSolution
		SolutionGuid = {11CAD302-AA5E-4799-983C-88937F2E9884}
	EndGlobalSection
EndGlobal
